// !$*UTF8*$!
{
	archiveVersion = 1;
	classes = {
	};
	objectVersion = 46;
	objects = {

/* Begin PBXBuildFile section */
		044A78D31DB8F6C800603EE5 /* UIBarButtonItem+Extension.swift in Sources */ = {isa = PBXBuildFile; fileRef = 044A78D21DB8F6C800603EE5 /* UIBarButtonItem+Extension.swift */; };
		04DD9A2D1D94210D003CEBD8 /* AppDelegate.swift in Sources */ = {isa = PBXBuildFile; fileRef = 04DD9A2C1D94210D003CEBD8 /* AppDelegate.swift */; };
		04DD9A321D94210D003CEBD8 /* Main.storyboard in Resources */ = {isa = PBXBuildFile; fileRef = 04DD9A301D94210D003CEBD8 /* Main.storyboard */; };
		04DD9A341D94210D003CEBD8 /* Assets.xcassets in Resources */ = {isa = PBXBuildFile; fileRef = 04DD9A331D94210D003CEBD8 /* Assets.xcassets */; };
		04DD9A371D94210D003CEBD8 /* LaunchScreen.storyboard in Resources */ = {isa = PBXBuildFile; fileRef = 04DD9A351D94210D003CEBD8 /* LaunchScreen.storyboard */; };
		04DD9A421D94210D003CEBD8 /* DouYuTVTests.swift in Sources */ = {isa = PBXBuildFile; fileRef = 04DD9A411D94210D003CEBD8 /* DouYuTVTests.swift */; };
		04DD9A4D1D94210D003CEBD8 /* DouYuTVUITests.swift in Sources */ = {isa = PBXBuildFile; fileRef = 04DD9A4C1D94210D003CEBD8 /* DouYuTVUITests.swift */; };
		04DD9AC61D9584C3003CEBD8 /* Home.storyboard in Resources */ = {isa = PBXBuildFile; fileRef = 04DD9AC41D9584C3003CEBD8 /* Home.storyboard */; };
		04DD9AC91D9584EF003CEBD8 /* Live.storyboard in Resources */ = {isa = PBXBuildFile; fileRef = 04DD9AC71D9584EF003CEBD8 /* Live.storyboard */; };
		04DD9ACC1D958514003CEBD8 /* Follow.storyboard in Resources */ = {isa = PBXBuildFile; fileRef = 04DD9ACA1D958514003CEBD8 /* Follow.storyboard */; };
		04DD9ACF1D958532003CEBD8 /* Profile.storyboard in Resources */ = {isa = PBXBuildFile; fileRef = 04DD9ACD1D958532003CEBD8 /* Profile.storyboard */; };
		04DD9AD11D95875A003CEBD8 /* MainViewController.swift in Sources */ = {isa = PBXBuildFile; fileRef = 04DD9AD01D95875A003CEBD8 /* MainViewController.swift */; };
		04DD9AD31D9A84C0003CEBD8 /* HomeViewController.swift in Sources */ = {isa = PBXBuildFile; fileRef = 04DD9AD21D9A84C0003CEBD8 /* HomeViewController.swift */; };
/* End PBXBuildFile section */

/* Begin PBXContainerItemProxy section */
		04DD9A3E1D94210D003CEBD8 /* PBXContainerItemProxy */ = {
			isa = PBXContainerItemProxy;
			containerPortal = 04DD9A211D94210D003CEBD8 /* Project object */;
			proxyType = 1;
			remoteGlobalIDString = 04DD9A281D94210D003CEBD8;
			remoteInfo = DouYuTV;
		};
		04DD9A491D94210D003CEBD8 /* PBXContainerItemProxy */ = {
			isa = PBXContainerItemProxy;
			containerPortal = 04DD9A211D94210D003CEBD8 /* Project object */;
			proxyType = 1;
			remoteGlobalIDString = 04DD9A281D94210D003CEBD8;
			remoteInfo = DouYuTV;
		};
/* End PBXContainerItemProxy section */

/* Begin PBXFileReference section */
		044A78D21DB8F6C800603EE5 /* UIBarButtonItem+Extension.swift */ = {isa = PBXFileReference; fileEncoding = 4; lastKnownFileType = sourcecode.swift; path = "UIBarButtonItem+Extension.swift"; sourceTree = "<group>"; };
		04DD9A291D94210D003CEBD8 /* DouYuTV.app */ = {isa = PBXFileReference; explicitFileType = wrapper.application; includeInIndex = 0; path = DouYuTV.app; sourceTree = BUILT_PRODUCTS_DIR; };
		04DD9A2C1D94210D003CEBD8 /* AppDelegate.swift */ = {isa = PBXFileReference; lastKnownFileType = sourcecode.swift; path = AppDelegate.swift; sourceTree = "<group>"; };
		04DD9A311D94210D003CEBD8 /* Base */ = {isa = PBXFileReference; lastKnownFileType = file.storyboard; name = Base; path = Base.lproj/Main.storyboard; sourceTree = "<group>"; };
		04DD9A331D94210D003CEBD8 /* Assets.xcassets */ = {isa = PBXFileReference; lastKnownFileType = folder.assetcatalog; path = Assets.xcassets; sourceTree = "<group>"; };
		04DD9A361D94210D003CEBD8 /* Base */ = {isa = PBXFileReference; lastKnownFileType = file.storyboard; name = Base; path = Base.lproj/LaunchScreen.storyboard; sourceTree = "<group>"; };
		04DD9A381D94210D003CEBD8 /* Info.plist */ = {isa = PBXFileReference; lastKnownFileType = text.plist.xml; path = Info.plist; sourceTree = "<group>"; };
		04DD9A3D1D94210D003CEBD8 /* DouYuTVTests.xctest */ = {isa = PBXFileReference; explicitFileType = wrapper.cfbundle; includeInIndex = 0; path = DouYuTVTests.xctest; sourceTree = BUILT_PRODUCTS_DIR; };
		04DD9A411D94210D003CEBD8 /* DouYuTVTests.swift */ = {isa = PBXFileReference; lastKnownFileType = sourcecode.swift; path = DouYuTVTests.swift; sourceTree = "<group>"; };
		04DD9A431D94210D003CEBD8 /* Info.plist */ = {isa = PBXFileReference; lastKnownFileType = text.plist.xml; path = Info.plist; sourceTree = "<group>"; };
		04DD9A481D94210D003CEBD8 /* DouYuTVUITests.xctest */ = {isa = PBXFileReference; explicitFileType = wrapper.cfbundle; includeInIndex = 0; path = DouYuTVUITests.xctest; sourceTree = BUILT_PRODUCTS_DIR; };
		04DD9A4C1D94210D003CEBD8 /* DouYuTVUITests.swift */ = {isa = PBXFileReference; lastKnownFileType = sourcecode.swift; path = DouYuTVUITests.swift; sourceTree = "<group>"; };
		04DD9A4E1D94210D003CEBD8 /* Info.plist */ = {isa = PBXFileReference; lastKnownFileType = text.plist.xml; path = Info.plist; sourceTree = "<group>"; };
		04DD9AC51D9584C3003CEBD8 /* Base */ = {isa = PBXFileReference; lastKnownFileType = file.storyboard; name = Base; path = DouYuTV/Base.lproj/Home.storyboard; sourceTree = SOURCE_ROOT; };
		04DD9AC81D9584EF003CEBD8 /* Base */ = {isa = PBXFileReference; lastKnownFileType = file.storyboard; name = Base; path = DouYuTV/Base.lproj/Live.storyboard; sourceTree = SOURCE_ROOT; };
		04DD9ACB1D958514003CEBD8 /* Base */ = {isa = PBXFileReference; lastKnownFileType = file.storyboard; name = Base; path = DouYuTV/Base.lproj/Follow.storyboard; sourceTree = SOURCE_ROOT; };
		04DD9ACE1D958532003CEBD8 /* Base */ = {isa = PBXFileReference; lastKnownFileType = file.storyboard; name = Base; path = DouYuTV/Base.lproj/Profile.storyboard; sourceTree = SOURCE_ROOT; };
		04DD9AD01D95875A003CEBD8 /* MainViewController.swift */ = {isa = PBXFileReference; fileEncoding = 4; lastKnownFileType = sourcecode.swift; path = MainViewController.swift; sourceTree = "<group>"; };
		04DD9AD21D9A84C0003CEBD8 /* HomeViewController.swift */ = {isa = PBXFileReference; fileEncoding = 4; lastKnownFileType = sourcecode.swift; path = HomeViewController.swift; sourceTree = "<group>"; };
/* End PBXFileReference section */

/* Begin PBXFrameworksBuildPhase section */
		04DD9A261D94210D003CEBD8 /* Frameworks */ = {
			isa = PBXFrameworksBuildPhase;
			buildActionMask = 2147483647;
			files = (
			);
			runOnlyForDeploymentPostprocessing = 0;
		};
		04DD9A3A1D94210D003CEBD8 /* Frameworks */ = {
			isa = PBXFrameworksBuildPhase;
			buildActionMask = 2147483647;
			files = (
			);
			runOnlyForDeploymentPostprocessing = 0;
		};
		04DD9A451D94210D003CEBD8 /* Frameworks */ = {
			isa = PBXFrameworksBuildPhase;
			buildActionMask = 2147483647;
			files = (
			);
			runOnlyForDeploymentPostprocessing = 0;
		};
/* End PBXFrameworksBuildPhase section */

/* Begin PBXGroup section */
		044A78D11DB8F69B00603EE5 /* Tools */ = {
			isa = PBXGroup;
			children = (
				044A78D21DB8F6C800603EE5 /* UIBarButtonItem+Extension.swift */,
			);
			path = Tools;
			sourceTree = "<group>";
		};
		04DD9A201D94210D003CEBD8 = {
			isa = PBXGroup;
			children = (
				04DD9A2B1D94210D003CEBD8 /* DouYuTV */,
				04DD9A401D94210D003CEBD8 /* DouYuTVTests */,
				04DD9A4B1D94210D003CEBD8 /* DouYuTVUITests */,
				04DD9A2A1D94210D003CEBD8 /* Products */,
			);
			sourceTree = "<group>";
		};
		04DD9A2A1D94210D003CEBD8 /* Products */ = {
			isa = PBXGroup;
			children = (
				04DD9A291D94210D003CEBD8 /* DouYuTV.app */,
				04DD9A3D1D94210D003CEBD8 /* DouYuTVTests.xctest */,
				04DD9A481D94210D003CEBD8 /* DouYuTVUITests.xctest */,
			);
			name = Products;
			sourceTree = "<group>";
		};
		04DD9A2B1D94210D003CEBD8 /* DouYuTV */ = {
			isa = PBXGroup;
			children = (
				04DD9AB61D957F33003CEBD8 /* Main */,
				04DD9AAE1D957F33003CEBD8 /* Home */,
				04DD9AB21D957F33003CEBD8 /* Live */,
				04DD9AAA1D957F33003CEBD8 /* Follow */,
				04DD9ABA1D957F33003CEBD8 /* Profile */,
				044A78D11DB8F69B00603EE5 /* Tools */,
				04DD9A2C1D94210D003CEBD8 /* AppDelegate.swift */,
				04DD9A331D94210D003CEBD8 /* Assets.xcassets */,
				04DD9A351D94210D003CEBD8 /* LaunchScreen.storyboard */,
				04DD9A381D94210D003CEBD8 /* Info.plist */,
			);
			path = DouYuTV;
			sourceTree = "<group>";
		};
		04DD9A401D94210D003CEBD8 /* DouYuTVTests */ = {
			isa = PBXGroup;
			children = (
				04DD9A411D94210D003CEBD8 /* DouYuTVTests.swift */,
				04DD9A431D94210D003CEBD8 /* Info.plist */,
			);
			path = DouYuTVTests;
			sourceTree = "<group>";
		};
		04DD9A4B1D94210D003CEBD8 /* DouYuTVUITests */ = {
			isa = PBXGroup;
			children = (
				04DD9A4C1D94210D003CEBD8 /* DouYuTVUITests.swift */,
				04DD9A4E1D94210D003CEBD8 /* Info.plist */,
			);
			path = DouYuTVUITests;
			sourceTree = "<group>";
		};
		04DD9AAA1D957F33003CEBD8 /* Follow */ = {
			isa = PBXGroup;
			children = (
				04DD9AAB1D957F33003CEBD8 /* controller */,
				04DD9AAC1D957F33003CEBD8 /* model */,
				04DD9AAD1D957F33003CEBD8 /* view */,
			);
			path = Follow;
			sourceTree = "<group>";
		};
		04DD9AAB1D957F33003CEBD8 /* controller */ = {
			isa = PBXGroup;
			children = (
				04DD9ACA1D958514003CEBD8 /* Follow.storyboard */,
			);
			path = controller;
			sourceTree = "<group>";
		};
		04DD9AAC1D957F33003CEBD8 /* model */ = {
			isa = PBXGroup;
			children = (
			);
			path = model;
			sourceTree = "<group>";
		};
		04DD9AAD1D957F33003CEBD8 /* view */ = {
			isa = PBXGroup;
			children = (
			);
			path = view;
			sourceTree = "<group>";
		};
		04DD9AAE1D957F33003CEBD8 /* Home */ = {
			isa = PBXGroup;
			children = (
				04DD9AAF1D957F33003CEBD8 /* controller */,
				04DD9AB01D957F33003CEBD8 /* model */,
				04DD9AB11D957F33003CEBD8 /* view */,
			);
			path = Home;
			sourceTree = "<group>";
		};
		04DD9AAF1D957F33003CEBD8 /* controller */ = {
			isa = PBXGroup;
			children = (
				04DD9AC41D9584C3003CEBD8 /* Home.storyboard */,
				04DD9AD21D9A84C0003CEBD8 /* HomeViewController.swift */,
			);
			path = controller;
			sourceTree = "<group>";
		};
		04DD9AB01D957F33003CEBD8 /* model */ = {
			isa = PBXGroup;
			children = (
			);
			path = model;
			sourceTree = "<group>";
		};
		04DD9AB11D957F33003CEBD8 /* view */ = {
			isa = PBXGroup;
			children = (
			);
			path = view;
			sourceTree = "<group>";
		};
		04DD9AB21D957F33003CEBD8 /* Live */ = {
			isa = PBXGroup;
			children = (
				04DD9AB31D957F33003CEBD8 /* controller */,
				04DD9AB41D957F33003CEBD8 /* model */,
				04DD9AB51D957F33003CEBD8 /* view */,
			);
			path = Live;
			sourceTree = "<group>";
		};
		04DD9AB31D957F33003CEBD8 /* controller */ = {
			isa = PBXGroup;
			children = (
				04DD9AC71D9584EF003CEBD8 /* Live.storyboard */,
			);
			path = controller;
			sourceTree = "<group>";
		};
		04DD9AB41D957F33003CEBD8 /* model */ = {
			isa = PBXGroup;
			children = (
			);
			path = model;
			sourceTree = "<group>";
		};
		04DD9AB51D957F33003CEBD8 /* view */ = {
			isa = PBXGroup;
			children = (
			);
			path = view;
			sourceTree = "<group>";
		};
		04DD9AB61D957F33003CEBD8 /* Main */ = {
			isa = PBXGroup;
			children = (
				04DD9AB71D957F33003CEBD8 /* controller */,
				04DD9AB81D957F33003CEBD8 /* model */,
				04DD9AB91D957F33003CEBD8 /* view */,
			);
			path = Main;
			sourceTree = "<group>";
		};
		04DD9AB71D957F33003CEBD8 /* controller */ = {
			isa = PBXGroup;
			children = (
				04DD9A301D94210D003CEBD8 /* Main.storyboard */,
				04DD9AD01D95875A003CEBD8 /* MainViewController.swift */,
			);
			path = controller;
			sourceTree = "<group>";
		};
		04DD9AB81D957F33003CEBD8 /* model */ = {
			isa = PBXGroup;
			children = (
			);
			path = model;
			sourceTree = "<group>";
		};
		04DD9AB91D957F33003CEBD8 /* view */ = {
			isa = PBXGroup;
			children = (
			);
			path = view;
			sourceTree = "<group>";
		};
		04DD9ABA1D957F33003CEBD8 /* Profile */ = {
			isa = PBXGroup;
			children = (
				04DD9ABB1D957F33003CEBD8 /* controller */,
				04DD9ABC1D957F33003CEBD8 /* model */,
				04DD9ABD1D957F33003CEBD8 /* view */,
			);
			path = Profile;
			sourceTree = "<group>";
		};
		04DD9ABB1D957F33003CEBD8 /* controller */ = {
			isa = PBXGroup;
			children = (
				04DD9ACD1D958532003CEBD8 /* Profile.storyboard */,
			);
			path = controller;
			sourceTree = "<group>";
		};
		04DD9ABC1D957F33003CEBD8 /* model */ = {
			isa = PBXGroup;
			children = (
			);
			path = model;
			sourceTree = "<group>";
		};
		04DD9ABD1D957F33003CEBD8 /* view */ = {
			isa = PBXGroup;
			children = (
			);
			path = view;
			sourceTree = "<group>";
		};
/* End PBXGroup section */

/* Begin PBXNativeTarget section */
		04DD9A281D94210D003CEBD8 /* DouYuTV */ = {
			isa = PBXNativeTarget;
			buildConfigurationList = 04DD9A511D94210D003CEBD8 /* Build configuration list for PBXNativeTarget "DouYuTV" */;
			buildPhases = (
				04DD9A251D94210D003CEBD8 /* Sources */,
				04DD9A261D94210D003CEBD8 /* Frameworks */,
				04DD9A271D94210D003CEBD8 /* Resources */,
			);
			buildRules = (
			);
			dependencies = (
			);
			name = DouYuTV;
			productName = DouYuTV;
			productReference = 04DD9A291D94210D003CEBD8 /* DouYuTV.app */;
			productType = "com.apple.product-type.application";
		};
		04DD9A3C1D94210D003CEBD8 /* DouYuTVTests */ = {
			isa = PBXNativeTarget;
			buildConfigurationList = 04DD9A541D94210D003CEBD8 /* Build configuration list for PBXNativeTarget "DouYuTVTests" */;
			buildPhases = (
				04DD9A391D94210D003CEBD8 /* Sources */,
				04DD9A3A1D94210D003CEBD8 /* Frameworks */,
				04DD9A3B1D94210D003CEBD8 /* Resources */,
			);
			buildRules = (
			);
			dependencies = (
				04DD9A3F1D94210D003CEBD8 /* PBXTargetDependency */,
			);
			name = DouYuTVTests;
			productName = DouYuTVTests;
			productReference = 04DD9A3D1D94210D003CEBD8 /* DouYuTVTests.xctest */;
			productType = "com.apple.product-type.bundle.unit-test";
		};
		04DD9A471D94210D003CEBD8 /* DouYuTVUITests */ = {
			isa = PBXNativeTarget;
			buildConfigurationList = 04DD9A571D94210D003CEBD8 /* Build configuration list for PBXNativeTarget "DouYuTVUITests" */;
			buildPhases = (
				04DD9A441D94210D003CEBD8 /* Sources */,
				04DD9A451D94210D003CEBD8 /* Frameworks */,
				04DD9A461D94210D003CEBD8 /* Resources */,
			);
			buildRules = (
			);
			dependencies = (
				04DD9A4A1D94210D003CEBD8 /* PBXTargetDependency */,
			);
			name = DouYuTVUITests;
			productName = DouYuTVUITests;
			productReference = 04DD9A481D94210D003CEBD8 /* DouYuTVUITests.xctest */;
			productType = "com.apple.product-type.bundle.ui-testing";
		};
/* End PBXNativeTarget section */

/* Begin PBXProject section */
		04DD9A211D94210D003CEBD8 /* Project object */ = {
			isa = PBXProject;
			attributes = {
				LastSwiftUpdateCheck = 0800;
				LastUpgradeCheck = 0800;
				ORGANIZATIONNAME = Mac;
				TargetAttributes = {
					04DD9A281D94210D003CEBD8 = {
						CreatedOnToolsVersion = 8.0;
						ProvisioningStyle = Automatic;
					};
					04DD9A3C1D94210D003CEBD8 = {
						CreatedOnToolsVersion = 8.0;
						ProvisioningStyle = Automatic;
						TestTargetID = 04DD9A281D94210D003CEBD8;
					};
					04DD9A471D94210D003CEBD8 = {
						CreatedOnToolsVersion = 8.0;
						ProvisioningStyle = Automatic;
						TestTargetID = 04DD9A281D94210D003CEBD8;
					};
				};
			};
			buildConfigurationList = 04DD9A241D94210D003CEBD8 /* Build configuration list for PBXProject "DouYuTV" */;
			compatibilityVersion = "Xcode 3.2";
			developmentRegion = English;
			hasScannedForEncodings = 0;
			knownRegions = (
				en,
				Base,
			);
			mainGroup = 04DD9A201D94210D003CEBD8;
			productRefGroup = 04DD9A2A1D94210D003CEBD8 /* Products */;
			projectDirPath = "";
			projectRoot = "";
			targets = (
				04DD9A281D94210D003CEBD8 /* DouYuTV */,
				04DD9A3C1D94210D003CEBD8 /* DouYuTVTests */,
				04DD9A471D94210D003CEBD8 /* DouYuTVUITests */,
			);
		};
/* End PBXProject section */

/* Begin PBXResourcesBuildPhase section */
		04DD9A271D94210D003CEBD8 /* Resources */ = {
			isa = PBXResourcesBuildPhase;
			buildActionMask = 2147483647;
			files = (
				04DD9A371D94210D003CEBD8 /* LaunchScreen.storyboard in Resources */,
				04DD9A341D94210D003CEBD8 /* Assets.xcassets in Resources */,
				04DD9A321D94210D003CEBD8 /* Main.storyboard in Resources */,
				04DD9AC91D9584EF003CEBD8 /* Live.storyboard in Resources */,
				04DD9AC61D9584C3003CEBD8 /* Home.storyboard in Resources */,
				04DD9ACF1D958532003CEBD8 /* Profile.storyboard in Resources */,
				04DD9ACC1D958514003CEBD8 /* Follow.storyboard in Resources */,
			);
			runOnlyForDeploymentPostprocessing = 0;
		};
		04DD9A3B1D94210D003CEBD8 /* Resources */ = {
			isa = PBXResourcesBuildPhase;
			buildActionMask = 2147483647;
			files = (
			);
			runOnlyForDeploymentPostprocessing = 0;
		};
		04DD9A461D94210D003CEBD8 /* Resources */ = {
			isa = PBXResourcesBuildPhase;
			buildActionMask = 2147483647;
			files = (
			);
			runOnlyForDeploymentPostprocessing = 0;
		};
/* End PBXResourcesBuildPhase section */

/* Begin PBXSourcesBuildPhase section */
		04DD9A251D94210D003CEBD8 /* Sources */ = {
			isa = PBXSourcesBuildPhase;
			buildActionMask = 2147483647;
			files = (
				044A78D31DB8F6C800603EE5 /* UIBarButtonItem+Extension.swift in Sources */,
				04DD9A2D1D94210D003CEBD8 /* AppDelegate.swift in Sources */,
				04DD9AD11D95875A003CEBD8 /* MainViewController.swift in Sources */,
				04DD9AD31D9A84C0003CEBD8 /* HomeViewController.swift in Sources */,
			);
			runOnlyForDeploymentPostprocessing = 0;
		};
		04DD9A391D94210D003CEBD8 /* Sources */ = {
			isa = PBXSourcesBuildPhase;
			buildActionMask = 2147483647;
			files = (
				04DD9A421D94210D003CEBD8 /* DouYuTVTests.swift in Sources */,
			);
			runOnlyForDeploymentPostprocessing = 0;
		};
		04DD9A441D94210D003CEBD8 /* Sources */ = {
			isa = PBXSourcesBuildPhase;
			buildActionMask = 2147483647;
			files = (
				04DD9A4D1D94210D003CEBD8 /* DouYuTVUITests.swift in Sources */,
			);
			runOnlyForDeploymentPostprocessing = 0;
		};
/* End PBXSourcesBuildPhase section */

/* Begin PBXTargetDependency section */
		04DD9A3F1D94210D003CEBD8 /* PBXTargetDependency */ = {
			isa = PBXTargetDependency;
			target = 04DD9A281D94210D003CEBD8 /* DouYuTV */;
			targetProxy = 04DD9A3E1D94210D003CEBD8 /* PBXContainerItemProxy */;
		};
		04DD9A4A1D94210D003CEBD8 /* PBXTargetDependency */ = {
			isa = PBXTargetDependency;
			target = 04DD9A281D94210D003CEBD8 /* DouYuTV */;
			targetProxy = 04DD9A491D94210D003CEBD8 /* PBXContainerItemProxy */;
		};
/* End PBXTargetDependency section */

/* Begin PBXVariantGroup section */
		04DD9A301D94210D003CEBD8 /* Main.storyboard */ = {
			isa = PBXVariantGroup;
			children = (
				04DD9A311D94210D003CEBD8 /* Base */,
			);
			name = Main.storyboard;
			path = ../..;
			sourceTree = "<group>";
		};
		04DD9A351D94210D003CEBD8 /* LaunchScreen.storyboard */ = {
			isa = PBXVariantGroup;
			children = (
				04DD9A361D94210D003CEBD8 /* Base */,
			);
			name = LaunchScreen.storyboard;
			sourceTree = "<group>";
		};
		04DD9AC41D9584C3003CEBD8 /* Home.storyboard */ = {
			isa = PBXVariantGroup;
			children = (
				04DD9AC51D9584C3003CEBD8 /* Base */,
			);
			name = Home.storyboard;
			path = ../../Main/controller;
			sourceTree = "<group>";
		};
		04DD9AC71D9584EF003CEBD8 /* Live.storyboard */ = {
			isa = PBXVariantGroup;
			children = (
				04DD9AC81D9584EF003CEBD8 /* Base */,
			);
			name = Live.storyboard;
			path = ../../Main/controller;
			sourceTree = "<group>";
		};
		04DD9ACA1D958514003CEBD8 /* Follow.storyboard */ = {
			isa = PBXVariantGroup;
			children = (
				04DD9ACB1D958514003CEBD8 /* Base */,
			);
			name = Follow.storyboard;
			path = ../../Main/controller;
			sourceTree = "<group>";
		};
		04DD9ACD1D958532003CEBD8 /* Profile.storyboard */ = {
			isa = PBXVariantGroup;
			children = (
				04DD9ACE1D958532003CEBD8 /* Base */,
			);
			name = Profile.storyboard;
			path = ../../Main/controller;
			sourceTree = "<group>";
		};
/* End PBXVariantGroup section */

/* Begin XCBuildConfiguration section */
		04DD9A4F1D94210D003CEBD8 /* Debug */ = {
			isa = XCBuildConfiguration;
			buildSettings = {
				ALWAYS_SEARCH_USER_PATHS = NO;
				CLANG_ANALYZER_NONNULL = YES;
				CLANG_CXX_LANGUAGE_STANDARD = "gnu++0x";
				CLANG_CXX_LIBRARY = "libc++";
				CLANG_ENABLE_MODULES = YES;
				CLANG_ENABLE_OBJC_ARC = YES;
				CLANG_WARN_BOOL_CONVERSION = YES;
				CLANG_WARN_CONSTANT_CONVERSION = YES;
				CLANG_WARN_DIRECT_OBJC_ISA_USAGE = YES_ERROR;
				CLANG_WARN_DOCUMENTATION_COMMENTS = YES;
				CLANG_WARN_EMPTY_BODY = YES;
				CLANG_WARN_ENUM_CONVERSION = YES;
				CLANG_WARN_INFINITE_RECURSION = YES;
				CLANG_WARN_INT_CONVERSION = YES;
				CLANG_WARN_OBJC_ROOT_CLASS = YES_ERROR;
				CLANG_WARN_SUSPICIOUS_MOVES = YES;
				CLANG_WARN_UNREACHABLE_CODE = YES;
				CLANG_WARN__DUPLICATE_METHOD_MATCH = YES;
				"CODE_SIGN_IDENTITY[sdk=iphoneos*]" = "iPhone Developer";
				COPY_PHASE_STRIP = NO;
				DEBUG_INFORMATION_FORMAT = dwarf;
				ENABLE_STRICT_OBJC_MSGSEND = YES;
				ENABLE_TESTABILITY = YES;
				GCC_C_LANGUAGE_STANDARD = gnu99;
				GCC_DYNAMIC_NO_PIC = NO;
				GCC_NO_COMMON_BLOCKS = YES;
				GCC_OPTIMIZATION_LEVEL = 0;
				GCC_PREPROCESSOR_DEFINITIONS = (
					"DEBUG=1",
					"$(inherited)",
				);
				GCC_WARN_64_TO_32_BIT_CONVERSION = YES;
				GCC_WARN_ABOUT_RETURN_TYPE = YES_ERROR;
				GCC_WARN_UNDECLARED_SELECTOR = YES;
				GCC_WARN_UNINITIALIZED_AUTOS = YES_AGGRESSIVE;
				GCC_WARN_UNUSED_FUNCTION = YES;
				GCC_WARN_UNUSED_VARIABLE = YES;
				IPHONEOS_DEPLOYMENT_TARGET = 10.0;
				MTL_ENABLE_DEBUG_INFO = YES;
				ONLY_ACTIVE_ARCH = YES;
				SDKROOT = iphoneos;
				SWIFT_ACTIVE_COMPILATION_CONDITIONS = DEBUG;
				SWIFT_OPTIMIZATION_LEVEL = "-Onone";
				TARGETED_DEVICE_FAMILY = "1,2";
			};
			name = Debug;
		};
		04DD9A501D94210D003CEBD8 /* Release */ = {
			isa = XCBuildConfiguration;
			buildSettings = {
				ALWAYS_SEARCH_USER_PATHS = NO;
				CLANG_ANALYZER_NONNULL = YES;
				CLANG_CXX_LANGUAGE_STANDARD = "gnu++0x";
				CLANG_CXX_LIBRARY = "libc++";
				CLANG_ENABLE_MODULES = YES;
				CLANG_ENABLE_OBJC_ARC = YES;
				CLANG_WARN_BOOL_CONVERSION = YES;
				CLANG_WARN_CONSTANT_CONVERSION = YES;
				CLANG_WARN_DIRECT_OBJC_ISA_USAGE = YES_ERROR;
				CLANG_WARN_DOCUMENTATION_COMMENTS = YES;
				CLANG_WARN_EMPTY_BODY = YES;
				CLANG_WARN_ENUM_CONVERSION = YES;
				CLANG_WARN_INFINITE_RECURSION = YES;
				CLANG_WARN_INT_CONVERSION = YES;
				CLANG_WARN_OBJC_ROOT_CLASS = YES_ERROR;
				CLANG_WARN_SUSPICIOUS_MOVES = YES;
				CLANG_WARN_UNREACHABLE_CODE = YES;
				CLANG_WARN__DUPLICATE_METHOD_MATCH = YES;
				"CODE_SIGN_IDENTITY[sdk=iphoneos*]" = "iPhone Developer";
				COPY_PHASE_STRIP = NO;
				DEBUG_INFORMATION_FORMAT = "dwarf-with-dsym";
				ENABLE_NS_ASSERTIONS = NO;
				ENABLE_STRICT_OBJC_MSGSEND = YES;
				GCC_C_LANGUAGE_STANDARD = gnu99;
				GCC_NO_COMMON_BLOCKS = YES;
				GCC_WARN_64_TO_32_BIT_CONVERSION = YES;
				GCC_WARN_ABOUT_RETURN_TYPE = YES_ERROR;
				GCC_WARN_UNDECLARED_SELECTOR = YES;
				GCC_WARN_UNINITIALIZED_AUTOS = YES_AGGRESSIVE;
				GCC_WARN_UNUSED_FUNCTION = YES;
				GCC_WARN_UNUSED_VARIABLE = YES;
				IPHONEOS_DEPLOYMENT_TARGET = 10.0;
				MTL_ENABLE_DEBUG_INFO = NO;
				SDKROOT = iphoneos;
				SWIFT_OPTIMIZATION_LEVEL = "-Owholemodule";
				TARGETED_DEVICE_FAMILY = "1,2";
				VALIDATE_PRODUCT = YES;
			};
			name = Release;
		};
		04DD9A521D94210D003CEBD8 /* Debug */ = {
			isa = XCBuildConfiguration;
			buildSettings = {
				ASSETCATALOG_COMPILER_APPICON_NAME = AppIcon;
				ASSETCATALOG_COMPILER_LAUNCHIMAGE_NAME = "Brand Assets";
				INFOPLIST_FILE = DouYuTV/Info.plist;
				IPHONEOS_DEPLOYMENT_TARGET = 9.0;
				LD_RUNPATH_SEARCH_PATHS = "$(inherited) @executable_path/Frameworks";
				PRODUCT_BUNDLE_IDENTIFIER = CWB.DouYuTV;
				PRODUCT_NAME = "$(TARGET_NAME)";
				SWIFT_VERSION = 3.0;
			};
			name = Debug;
		};
		04DD9A531D94210D003CEBD8 /* Release */ = {
			isa = XCBuildConfiguration;
			buildSettings = {
				ASSETCATALOG_COMPILER_APPICON_NAME = AppIcon;
				ASSETCATALOG_COMPILER_LAUNCHIMAGE_NAME = "Brand Assets";
				INFOPLIST_FILE = DouYuTV/Info.plist;
				IPHONEOS_DEPLOYMENT_TARGET = 9.0;
				LD_RUNPATH_SEARCH_PATHS = "$(inherited) @executable_path/Frameworks";
				PRODUCT_BUNDLE_IDENTIFIER = CWB.DouYuTV;
				PRODUCT_NAME = "$(TARGET_NAME)";
				SWIFT_VERSION = 3.0;
			};
			name = Release;
		};
		04DD9A551D94210D003CEBD8 /* Debug */ = {
			isa = XCBuildConfiguration;
			buildSettings = {
				ALWAYS_EMBED_SWIFT_STANDARD_LIBRARIES = YES;
				BUNDLE_LOADER = "$(TEST_HOST)";
				INFOPLIST_FILE = DouYuTVTests/Info.plist;
				LD_RUNPATH_SEARCH_PATHS = "$(inherited) @executable_path/Frameworks @loader_path/Frameworks";
				PRODUCT_BUNDLE_IDENTIFIER = CWB.DouYuTVTests;
				PRODUCT_NAME = "$(TARGET_NAME)";
				SWIFT_VERSION = 3.0;
				TEST_HOST = "$(BUILT_PRODUCTS_DIR)/DouYuTV.app/DouYuTV";
			};
			name = Debug;
		};
		04DD9A561D94210D003CEBD8 /* Release */ = {
			isa = XCBuildConfiguration;
			buildSettings = {
				ALWAYS_EMBED_SWIFT_STANDARD_LIBRARIES = YES;
				BUNDLE_LOADER = "$(TEST_HOST)";
				INFOPLIST_FILE = DouYuTVTests/Info.plist;
				LD_RUNPATH_SEARCH_PATHS = "$(inherited) @executable_path/Frameworks @loader_path/Frameworks";
				PRODUCT_BUNDLE_IDENTIFIER = CWB.DouYuTVTests;
				PRODUCT_NAME = "$(TARGET_NAME)";
				SWIFT_VERSION = 3.0;
				TEST_HOST = "$(BUILT_PRODUCTS_DIR)/DouYuTV.app/DouYuTV";
			};
			name = Release;
		};
		04DD9A581D94210D003CEBD8 /* Debug */ = {
			isa = XCBuildConfiguration;
			buildSettings = {
				ALWAYS_EMBED_SWIFT_STANDARD_LIBRARIES = YES;
				INFOPLIST_FILE = DouYuTVUITests/Info.plist;
				LD_RUNPATH_SEARCH_PATHS = "$(inherited) @executable_path/Frameworks @loader_path/Frameworks";
				PRODUCT_BUNDLE_IDENTIFIER = CWB.DouYuTVUITests;
				PRODUCT_NAME = "$(TARGET_NAME)";
				SWIFT_VERSION = 3.0;
				TEST_TARGET_NAME = DouYuTV;
			};
			name = Debug;
		};
		04DD9A591D94210D003CEBD8 /* Release */ = {
			isa = XCBuildConfiguration;
			buildSettings = {
				ALWAYS_EMBED_SWIFT_STANDARD_LIBRARIES = YES;
				INFOPLIST_FILE = DouYuTVUITests/Info.plist;
				LD_RUNPATH_SEARCH_PATHS = "$(inherited) @executable_path/Frameworks @loader_path/Frameworks";
				PRODUCT_BUNDLE_IDENTIFIER = CWB.DouYuTVUITests;
				PRODUCT_NAME = "$(TARGET_NAME)";
				SWIFT_VERSION = 3.0;
				TEST_TARGET_NAME = DouYuTV;
			};
			name = Release;
		};
/* End XCBuildConfiguration section */

/* Begin XCConfigurationList section */
		04DD9A241D94210D003CEBD8 /* Build configuration list for PBXProject "DouYuTV" */ = {
			isa = XCConfigurationList;
			buildConfigurations = (
				04DD9A4F1D94210D003CEBD8 /* Debug */,
				04DD9A501D94210D003CEBD8 /* Release */,
			);
			defaultConfigurationIsVisible = 0;
			defaultConfigurationName = Release;
		};
		04DD9A511D94210D003CEBD8 /* Build configuration list for PBXNativeTarget "DouYuTV" */ = {
			isa = XCConfigurationList;
			buildConfigurations = (
				04DD9A521D94210D003CEBD8 /* Debug */,
				04DD9A531D94210D003CEBD8 /* Release */,
			);
			defaultConfigurationIsVisible = 0;
			defaultConfigurationName = Release;
		};
		04DD9A541D94210D003CEBD8 /* Build configuration list for PBXNativeTarget "DouYuTVTests" */ = {
			isa = XCConfigurationList;
			buildConfigurations = (
				04DD9A551D94210D003CEBD8 /* Debug */,
				04DD9A561D94210D003CEBD8 /* Release */,
			);
			defaultConfigurationIsVisible = 0;
			defaultConfigurationName = Release;
		};
		04DD9A571D94210D003CEBD8 /* Build configuration list for PBXNativeTarget "DouYuTVUITests" */ = {
			isa = XCConfigurationList;
			buildConfigurations = (
				04DD9A581D94210D003CEBD8 /* Debug */,
				04DD9A591D94210D003CEBD8 /* Release */,
			);
			defaultConfigurationIsVisible = 0;
			defaultConfigurationName = Release;
		};
/* End XCConfigurationList section */
	};
	rootObject = 04DD9A211D94210D003CEBD8 /* Project object */;
}
